
Microsoft Visual Studio Solution File, Format Version 12.00
# Visual Studio 14
VisualStudioVersion = 14.0.25123.0
MinimumVisualStudioVersion = 10.0.40219.1
Project("{FAE04EC0-301F-11D3-BF4B-00C04F79EFBC}") = "LokalReporter", "LokalReporter\LokalReporter.csproj", "{5811604B-2E33-4CCB-84D6-11E3BB8DDF1A}"
EndProject
Project("{FAE04EC0-301F-11D3-BF4B-00C04F79EFBC}") = "LokalReporter.Client.Dummy", "LokalReporter.Client.Dummy\LokalReporter.Client.Dummy.csproj", "{6932AA19-E013-4258-A15E-FBA8B99ECD8C}"
EndProject
Project("{FAE04EC0-301F-11D3-BF4B-00C04F79EFBC}") = "LokalReporter.App.FormsApp", "LokalReporter.App.Forms\LokalReporter.App.FormsApp.csproj", "{67F9D3A8-F71E-4428-913F-C37AE82CDB24}"
EndProject
Project("{FAE04EC0-301F-11D3-BF4B-00C04F79EFBC}") = "LokalReporter.App.Droid", "LokalReporter.App.Droid\LokalReporter.App.Droid.csproj", "{E3562486-5E3C-4DD7-929B-AC49F3206F7B}"
EndProject
Project("{2150E333-8FDC-42A3-9474-1A3956D46DE8}") = "model", "model", "{DE4EF7FA-1FE6-4966-9916-8AB0410C9D34}"
EndProject
Project("{FAE04EC0-301F-11D3-BF4B-00C04F79EFBC}") = "LokalReporter.App.iOS", "LokalReporter.App.iOS\LokalReporter.App.iOS.csproj", "{482D34F4-6E8D-4469-8D3D-51E6F086BF2A}"
EndProject
Global
	GlobalSection(SolutionConfigurationPlatforms) = preSolution
		Ad-Hoc|Any CPU = Ad-Hoc|Any CPU
		Ad-Hoc|iPhone = Ad-Hoc|iPhone
		Ad-Hoc|iPhoneSimulator = Ad-Hoc|iPhoneSimulator
		AppStore|Any CPU = AppStore|Any CPU
		AppStore|iPhone = AppStore|iPhone
		AppStore|iPhoneSimulator = AppStore|iPhoneSimulator
		Debug|Any CPU = Debug|Any CPU
		Debug|iPhone = Debug|iPhone
		Debug|iPhoneSimulator = Debug|iPhoneSimulator
		Release|Any CPU = Release|Any CPU
		Release|iPhone = Release|iPhone
		Release|iPhoneSimulator = Release|iPhoneSimulator
	EndGlobalSection
	GlobalSection(ProjectConfigurationPlatforms) = postSolution
		{5811604B-2E33-4CCB-84D6-11E3BB8DDF1A}.Ad-Hoc|Any CPU.ActiveCfg = Release|Any CPU
		{5811604B-2E33-4CCB-84D6-11E3BB8DDF1A}.Ad-Hoc|Any CPU.Build.0 = Release|Any CPU
		{5811604B-2E33-4CCB-84D6-11E3BB8DDF1A}.Ad-Hoc|iPhone.ActiveCfg = Release|Any CPU
		{5811604B-2E33-4CCB-84D6-11E3BB8DDF1A}.Ad-Hoc|iPhone.Build.0 = Release|Any CPU
		{5811604B-2E33-4CCB-84D6-11E3BB8DDF1A}.Ad-Hoc|iPhoneSimulator.ActiveCfg = Release|Any CPU
		{5811604B-2E33-4CCB-84D6-11E3BB8DDF1A}.Ad-Hoc|iPhoneSimulator.Build.0 = Release|Any CPU
		{5811604B-2E33-4CCB-84D6-11E3BB8DDF1A}.AppStore|Any CPU.ActiveCfg = Release|Any CPU
		{5811604B-2E33-4CCB-84D6-11E3BB8DDF1A}.AppStore|Any CPU.Build.0 = Release|Any CPU
		{5811604B-2E33-4CCB-84D6-11E3BB8DDF1A}.AppStore|iPhone.ActiveCfg = Release|Any CPU
		{5811604B-2E33-4CCB-84D6-11E3BB8DDF1A}.AppStore|iPhone.Build.0 = Release|Any CPU
		{5811604B-2E33-4CCB-84D6-11E3BB8DDF1A}.AppStore|iPhoneSimulator.ActiveCfg = Release|Any CPU
		{5811604B-2E33-4CCB-84D6-11E3BB8DDF1A}.AppStore|iPhoneSimulator.Build.0 = Release|Any CPU
		{5811604B-2E33-4CCB-84D6-11E3BB8DDF1A}.Debug|Any CPU.ActiveCfg = Debug|Any CPU
		{5811604B-2E33-4CCB-84D6-11E3BB8DDF1A}.Debug|Any CPU.Build.0 = Debug|Any CPU
		{5811604B-2E33-4CCB-84D6-11E3BB8DDF1A}.Debug|iPhone.ActiveCfg = Debug|Any CPU
		{5811604B-2E33-4CCB-84D6-11E3BB8DDF1A}.Debug|iPhone.Build.0 = Debug|Any CPU
		{5811604B-2E33-4CCB-84D6-11E3BB8DDF1A}.Debug|iPhoneSimulator.ActiveCfg = Debug|Any CPU
		{5811604B-2E33-4CCB-84D6-11E3BB8DDF1A}.Debug|iPhoneSimulator.Build.0 = Debug|Any CPU
		{5811604B-2E33-4CCB-84D6-11E3BB8DDF1A}.Release|Any CPU.ActiveCfg = Release|Any CPU
		{5811604B-2E33-4CCB-84D6-11E3BB8DDF1A}.Release|Any CPU.Build.0 = Release|Any CPU
		{5811604B-2E33-4CCB-84D6-11E3BB8DDF1A}.Release|iPhone.ActiveCfg = Release|Any CPU
		{5811604B-2E33-4CCB-84D6-11E3BB8DDF1A}.Release|iPhone.Build.0 = Release|Any CPU
		{5811604B-2E33-4CCB-84D6-11E3BB8DDF1A}.Release|iPhoneSimulator.ActiveCfg = Release|Any CPU
		{5811604B-2E33-4CCB-84D6-11E3BB8DDF1A}.Release|iPhoneSimulator.Build.0 = Release|Any CPU
		{6932AA19-E013-4258-A15E-FBA8B99ECD8C}.Ad-Hoc|Any CPU.ActiveCfg = Release|Any CPU
		{6932AA19-E013-4258-A15E-FBA8B99ECD8C}.Ad-Hoc|Any CPU.Build.0 = Release|Any CPU
		{6932AA19-E013-4258-A15E-FBA8B99ECD8C}.Ad-Hoc|iPhone.ActiveCfg = Release|Any CPU
		{6932AA19-E013-4258-A15E-FBA8B99ECD8C}.Ad-Hoc|iPhone.Build.0 = Release|Any CPU
		{6932AA19-E013-4258-A15E-FBA8B99ECD8C}.Ad-Hoc|iPhoneSimulator.ActiveCfg = Release|Any CPU
		{6932AA19-E013-4258-A15E-FBA8B99ECD8C}.Ad-Hoc|iPhoneSimulator.Build.0 = Release|Any CPU
		{6932AA19-E013-4258-A15E-FBA8B99ECD8C}.AppStore|Any CPU.ActiveCfg = Release|Any CPU
		{6932AA19-E013-4258-A15E-FBA8B99ECD8C}.AppStore|Any CPU.Build.0 = Release|Any CPU
		{6932AA19-E013-4258-A15E-FBA8B99ECD8C}.AppStore|iPhone.ActiveCfg = Release|Any CPU
		{6932AA19-E013-4258-A15E-FBA8B99ECD8C}.AppStore|iPhone.Build.0 = Release|Any CPU
		{6932AA19-E013-4258-A15E-FBA8B99ECD8C}.AppStore|iPhoneSimulator.ActiveCfg = Release|Any CPU
		{6932AA19-E013-4258-A15E-FBA8B99ECD8C}.AppStore|iPhoneSimulator.Build.0 = Release|Any CPU
		{6932AA19-E013-4258-A15E-FBA8B99ECD8C}.Debug|Any CPU.ActiveCfg = Debug|Any CPU
		{6932AA19-E013-4258-A15E-FBA8B99ECD8C}.Debug|Any CPU.Build.0 = Debug|Any CPU
		{6932AA19-E013-4258-A15E-FBA8B99ECD8C}.Debug|iPhone.ActiveCfg = Debug|Any CPU
		{6932AA19-E013-4258-A15E-FBA8B99ECD8C}.Debug|iPhone.Build.0 = Debug|Any CPU
		{6932AA19-E013-4258-A15E-FBA8B99ECD8C}.Debug|iPhoneSimulator.ActiveCfg = Debug|Any CPU
		{6932AA19-E013-4258-A15E-FBA8B99ECD8C}.Debug|iPhoneSimulator.Build.0 = Debug|Any CPU
		{6932AA19-E013-4258-A15E-FBA8B99ECD8C}.Release|Any CPU.ActiveCfg = Release|Any CPU
		{6932AA19-E013-4258-A15E-FBA8B99ECD8C}.Release|Any CPU.Build.0 = Release|Any CPU
		{6932AA19-E013-4258-A15E-FBA8B99ECD8C}.Release|iPhone.ActiveCfg = Release|Any CPU
		{6932AA19-E013-4258-A15E-FBA8B99ECD8C}.Release|iPhone.Build.0 = Release|Any CPU
		{6932AA19-E013-4258-A15E-FBA8B99ECD8C}.Release|iPhoneSimulator.ActiveCfg = Release|Any CPU
		{6932AA19-E013-4258-A15E-FBA8B99ECD8C}.Release|iPhoneSimulator.Build.0 = Release|Any CPU
		{67F9D3A8-F71E-4428-913F-C37AE82CDB24}.Ad-Hoc|Any CPU.ActiveCfg = Release|Any CPU
		{67F9D3A8-F71E-4428-913F-C37AE82CDB24}.Ad-Hoc|Any CPU.Build.0 = Release|Any CPU
		{67F9D3A8-F71E-4428-913F-C37AE82CDB24}.Ad-Hoc|iPhone.ActiveCfg = Release|Any CPU
		{67F9D3A8-F71E-4428-913F-C37AE82CDB24}.Ad-Hoc|iPhone.Build.0 = Release|Any CPU
		{67F9D3A8-F71E-4428-913F-C37AE82CDB24}.Ad-Hoc|iPhoneSimulator.ActiveCfg = Release|Any CPU
		{67F9D3A8-F71E-4428-913F-C37AE82CDB24}.Ad-Hoc|iPhoneSimulator.Build.0 = Release|Any CPU
		{67F9D3A8-F71E-4428-913F-C37AE82CDB24}.AppStore|Any CPU.ActiveCfg = Release|Any CPU
		{67F9D3A8-F71E-4428-913F-C37AE82CDB24}.AppStore|Any CPU.Build.0 = Release|Any CPU
		{67F9D3A8-F71E-4428-913F-C37AE82CDB24}.AppStore|iPhone.ActiveCfg = Release|Any CPU
		{67F9D3A8-F71E-4428-913F-C37AE82CDB24}.AppStore|iPhone.Build.0 = Release|Any CPU
		{67F9D3A8-F71E-4428-913F-C37AE82CDB24}.AppStore|iPhoneSimulator.ActiveCfg = Release|Any CPU
		{67F9D3A8-F71E-4428-913F-C37AE82CDB24}.AppStore|iPhoneSimulator.Build.0 = Release|Any CPU
		{67F9D3A8-F71E-4428-913F-C37AE82CDB24}.Debug|Any CPU.ActiveCfg = Debug|Any CPU
		{67F9D3A8-F71E-4428-913F-C37AE82CDB24}.Debug|Any CPU.Build.0 = Debug|Any CPU
		{67F9D3A8-F71E-4428-913F-C37AE82CDB24}.Debug|iPhone.ActiveCfg = Debug|Any CPU
		{67F9D3A8-F71E-4428-913F-C37AE82CDB24}.Debug|iPhone.Build.0 = Debug|Any CPU
		{67F9D3A8-F71E-4428-913F-C37AE82CDB24}.Debug|iPhoneSimulator.ActiveCfg = Debug|Any CPU
		{67F9D3A8-F71E-4428-913F-C37AE82CDB24}.Debug|iPhoneSimulator.Build.0 = Debug|Any CPU
		{67F9D3A8-F71E-4428-913F-C37AE82CDB24}.Release|Any CPU.ActiveCfg = Release|Any CPU
		{67F9D3A8-F71E-4428-913F-C37AE82CDB24}.Release|Any CPU.Build.0 = Release|Any CPU
		{67F9D3A8-F71E-4428-913F-C37AE82CDB24}.Release|iPhone.ActiveCfg = Release|Any CPU
		{67F9D3A8-F71E-4428-913F-C37AE82CDB24}.Release|iPhone.Build.0 = Release|Any CPU
		{67F9D3A8-F71E-4428-913F-C37AE82CDB24}.Release|iPhoneSimulator.ActiveCfg = Release|Any CPU
		{67F9D3A8-F71E-4428-913F-C37AE82CDB24}.Release|iPhoneSimulator.Build.0 = Release|Any CPU
		{E3562486-5E3C-4DD7-929B-AC49F3206F7B}.Ad-Hoc|Any CPU.ActiveCfg = Release|Any CPU
		{E3562486-5E3C-4DD7-929B-AC49F3206F7B}.Ad-Hoc|Any CPU.Build.0 = Release|Any CPU
		{E3562486-5E3C-4DD7-929B-AC49F3206F7B}.Ad-Hoc|Any CPU.Deploy.0 = Release|Any CPU
		{E3562486-5E3C-4DD7-929B-AC49F3206F7B}.Ad-Hoc|iPhone.ActiveCfg = Release|Any CPU
		{E3562486-5E3C-4DD7-929B-AC49F3206F7B}.Ad-Hoc|iPhone.Build.0 = Release|Any CPU
		{E3562486-5E3C-4DD7-929B-AC49F3206F7B}.Ad-Hoc|iPhone.Deploy.0 = Release|Any CPU
		{E3562486-5E3C-4DD7-929B-AC49F3206F7B}.Ad-Hoc|iPhoneSimulator.ActiveCfg = Release|Any CPU
		{E3562486-5E3C-4DD7-929B-AC49F3206F7B}.Ad-Hoc|iPhoneSimulator.Build.0 = Release|Any CPU
		{E3562486-5E3C-4DD7-929B-AC49F3206F7B}.Ad-Hoc|iPhoneSimulator.Deploy.0 = Release|Any CPU
		{E3562486-5E3C-4DD7-929B-AC49F3206F7B}.AppStore|Any CPU.ActiveCfg = Release|Any CPU
		{E3562486-5E3C-4DD7-929B-AC49F3206F7B}.AppStore|Any CPU.Build.0 = Release|Any CPU
		{E3562486-5E3C-4DD7-929B-AC49F3206F7B}.AppStore|Any CPU.Deploy.0 = Release|Any CPU
		{E3562486-5E3C-4DD7-929B-AC49F3206F7B}.AppStore|iPhone.ActiveCfg = Release|Any CPU
		{E3562486-5E3C-4DD7-929B-AC49F3206F7B}.AppStore|iPhone.Build.0 = Release|Any CPU
		{E3562486-5E3C-4DD7-929B-AC49F3206F7B}.AppStore|iPhone.Deploy.0 = Release|Any CPU
		{E3562486-5E3C-4DD7-929B-AC49F3206F7B}.AppStore|iPhoneSimulator.ActiveCfg = Release|Any CPU
		{E3562486-5E3C-4DD7-929B-AC49F3206F7B}.AppStore|iPhoneSimulator.Build.0 = Release|Any CPU
		{E3562486-5E3C-4DD7-929B-AC49F3206F7B}.AppStore|iPhoneSimulator.Deploy.0 = Release|Any CPU
		{E3562486-5E3C-4DD7-929B-AC49F3206F7B}.Debug|Any CPU.ActiveCfg = Debug|Any CPU
		{E3562486-5E3C-4DD7-929B-AC49F3206F7B}.Debug|Any CPU.Build.0 = Debug|Any CPU
		{E3562486-5E3C-4DD7-929B-AC49F3206F7B}.Debug|Any CPU.Deploy.0 = Debug|Any CPU
		{E3562486-5E3C-4DD7-929B-AC49F3206F7B}.Debug|iPhone.ActiveCfg = Debug|Any CPU
		{E3562486-5E3C-4DD7-929B-AC49F3206F7B}.Debug|iPhone.Build.0 = Debug|Any CPU
		{E3562486-5E3C-4DD7-929B-AC49F3206F7B}.Debug|iPhone.Deploy.0 = Debug|Any CPU
		{E3562486-5E3C-4DD7-929B-AC49F3206F7B}.Debug|iPhoneSimulator.ActiveCfg = Debug|Any CPU
		{E3562486-5E3C-4DD7-929B-AC49F3206F7B}.Debug|iPhoneSimulator.Build.0 = Debug|Any CPU
		{E3562486-5E3C-4DD7-929B-AC49F3206F7B}.Debug|iPhoneSimulator.Deploy.0 = Debug|Any CPU
		{E3562486-5E3C-4DD7-929B-AC49F3206F7B}.Release|Any CPU.ActiveCfg = Release|Any CPU
		{E3562486-5E3C-4DD7-929B-AC49F3206F7B}.Release|Any CPU.Build.0 = Release|Any CPU
		{E3562486-5E3C-4DD7-929B-AC49F3206F7B}.Release|Any CPU.Deploy.0 = Release|Any CPU
		{E3562486-5E3C-4DD7-929B-AC49F3206F7B}.Release|iPhone.ActiveCfg = Release|Any CPU
		{E3562486-5E3C-4DD7-929B-AC49F3206F7B}.Release|iPhone.Build.0 = Release|Any CPU
		{E3562486-5E3C-4DD7-929B-AC49F3206F7B}.Release|iPhone.Deploy.0 = Release|Any CPU
		{E3562486-5E3C-4DD7-929B-AC49F3206F7B}.Release|iPhoneSimulator.ActiveCfg = Release|Any CPU
		{E3562486-5E3C-4DD7-929B-AC49F3206F7B}.Release|iPhoneSimulator.Build.0 = Release|Any CPU
		{E3562486-5E3C-4DD7-929B-AC49F3206F7B}.Release|iPhoneSimulator.Deploy.0 = Release|Any CPU
		{482D34F4-6E8D-4469-8D3D-51E6F086BF2A}.Ad-Hoc|Any CPU.ActiveCfg = Ad-Hoc|iPhone
		{482D34F4-6E8D-4469-8D3D-51E6F086BF2A}.Ad-Hoc|iPhone.ActiveCfg = Ad-Hoc|iPhone
		{482D34F4-6E8D-4469-8D3D-51E6F086BF2A}.Ad-Hoc|iPhone.Build.0 = Ad-Hoc|iPhone
		{482D34F4-6E8D-4469-8D3D-51E6F086BF2A}.Ad-Hoc|iPhoneSimulator.ActiveCfg = Ad-Hoc|iPhoneSimulator
		{482D34F4-6E8D-4469-8D3D-51E6F086BF2A}.Ad-Hoc|iPhoneSimulator.Build.0 = Ad-Hoc|iPhoneSimulator
		{482D34F4-6E8D-4469-8D3D-51E6F086BF2A}.AppStore|Any CPU.ActiveCfg = AppStore|iPhone
		{482D34F4-6E8D-4469-8D3D-51E6F086BF2A}.AppStore|iPhone.ActiveCfg = AppStore|iPhone
		{482D34F4-6E8D-4469-8D3D-51E6F086BF2A}.AppStore|iPhone.Build.0 = AppStore|iPhone
		{482D34F4-6E8D-4469-8D3D-51E6F086BF2A}.AppStore|iPhoneSimulator.ActiveCfg = AppStore|iPhoneSimulator
		{482D34F4-6E8D-4469-8D3D-51E6F086BF2A}.AppStore|iPhoneSimulator.Build.0 = AppStore|iPhoneSimulator
		{482D34F4-6E8D-4469-8D3D-51E6F086BF2A}.Debug|Any CPU.ActiveCfg = Debug|iPhone
		{482D34F4-6E8D-4469-8D3D-51E6F086BF2A}.Debug|iPhone.ActiveCfg = Debug|iPhone
		{482D34F4-6E8D-4469-8D3D-51E6F086BF2A}.Debug|iPhone.Build.0 = Debug|iPhone
		{482D34F4-6E8D-4469-8D3D-51E6F086BF2A}.Debug|iPhoneSimulator.ActiveCfg = Debug|iPhoneSimulator
		{482D34F4-6E8D-4469-8D3D-51E6F086BF2A}.Debug|iPhoneSimulator.Build.0 = Debug|iPhoneSimulator
		{482D34F4-6E8D-4469-8D3D-51E6F086BF2A}.Release|Any CPU.ActiveCfg = Release|iPhone
		{482D34F4-6E8D-4469-8D3D-51E6F086BF2A}.Release|iPhone.ActiveCfg = Release|iPhone
		{482D34F4-6E8D-4469-8D3D-51E6F086BF2A}.Release|iPhone.Build.0 = Release|iPhone
		{482D34F4-6E8D-4469-8D3D-51E6F086BF2A}.Release|iPhoneSimulator.ActiveCfg = Release|iPhoneSimulator
		{482D34F4-6E8D-4469-8D3D-51E6F086BF2A}.Release|iPhoneSimulator.Build.0 = Release|iPhoneSimulator
	EndGlobalSection
	GlobalSection(SolutionProperties) = preSolution
		HideSolutionNode = FALSE
	EndGlobalSection
	GlobalSection(NestedProjects) = preSolution
		{5811604B-2E33-4CCB-84D6-11E3BB8DDF1A} = {DE4EF7FA-1FE6-4966-9916-8AB0410C9D34}
		{6932AA19-E013-4258-A15E-FBA8B99ECD8C} = {DE4EF7FA-1FE6-4966-9916-8AB0410C9D34}
	EndGlobalSection
EndGlobal
